
Microsoft Visual Studio Solution File, Format Version 12.00
# Visual Studio Version 17
VisualStudioVersion = 17.14.36109.1 d17.14
MinimumVisualStudioVersion = 10.0.40219.1
Project("{FAE04EC0-301F-11D3-BF4B-00C04F79EFBC}") = "FanFootball", "FanFootball\FanFootball.csproj", "{BB96F318-B437-4859-997E-4A7CA57F19D4}"
EndProject
Global
	GlobalSection(SolutionConfigurationPlatforms) = preSolution
		Debug|Any CPU = Debug|Any CPU
		Release|Any CPU = Release|Any CPU
	EndGlobalSection
	GlobalSection(ProjectConfigurationPlatforms) = postSolution
		{BB96F318-B437-4859-997E-4A7CA57F19D4}.Debug|Any CPU.ActiveCfg = Debug|Any CPU
		{BB96F318-B437-4859-997E-4A7CA57F19D4}.Debug|Any CPU.Build.0 = Debug|Any CPU
		{BB96F318-B437-4859-997E-4A7CA57F19D4}.Release|Any CPU.ActiveCfg = Release|Any CPU
		{BB96F318-B437-4859-997E-4A7CA57F19D4}.Release|Any CPU.Build.0 = Release|Any CPU
	EndGlobalSection
	GlobalSection(SolutionProperties) = preSolution
		HideSolutionNode = FALSE
	EndGlobalSection
	GlobalSection(ExtensibilityGlobals) = postSolution
		SolutionGuid = {17EC3E6C-152F-4D94-920B-73BFE7E1301A}
	EndGlobalSection
EndGlobal
